
Microsoft Visual Studio Solution File, Format Version 12.00
# Visual Studio Version 17
VisualStudioVersion = 17.11.35327.3
MinimumVisualStudioVersion = 10.0.40219.1
Project("{FAE04EC0-301F-11D3-BF4B-00C04F79EFBC}") = "Ejercicio3", "Ejercicio3.csproj", "{6FD08479-D85F-4B59-8499-E0C989ECCAEA}"
EndProject
Global
	GlobalSection(SolutionConfigurationPlatforms) = preSolution
		Debug|Any CPU = Debug|Any CPU
		Release|Any CPU = Release|Any CPU
	EndGlobalSection
	GlobalSection(ProjectConfigurationPlatforms) = postSolution
		{6FD08479-D85F-4B59-8499-E0C989ECCAEA}.Debug|Any CPU.ActiveCfg = Debug|Any CPU
		{6FD08479-D85F-4B59-8499-E0C989ECCAEA}.Debug|Any CPU.Build.0 = Debug|Any CPU
		{6FD08479-D85F-4B59-8499-E0C989ECCAEA}.Release|Any CPU.ActiveCfg = Release|Any CPU
		{6FD08479-D85F-4B59-8499-E0C989ECCAEA}.Release|Any CPU.Build.0 = Release|Any CPU
	EndGlobalSection
	GlobalSection(SolutionProperties) = preSolution
		HideSolutionNode = FALSE
	EndGlobalSection
	GlobalSection(ExtensibilityGlobals) = postSolution
		SolutionGuid = {E9F8C620-C9C5-4797-839D-296D1EBE8ED4}
	EndGlobalSection
EndGlobal
